// !$*UTF8*$!
{
	archiveVersion = 1;
	classes = {
	};
	objectVersion = 55;
	objects = {

/* Begin PBXBuildFile section */
		91B0646D28B20B3A00ED4E3B /* CharacterListVC.swift in Sources */ = {isa = PBXBuildFile; fileRef = 91B0646C28B20B3A00ED4E3B /* CharacterListVC.swift */; };
		91B0647E28B20DF800ED4E3B /* SearchHistoryCell.xib in Resources */ = {isa = PBXBuildFile; fileRef = 91B0647828B20DF800ED4E3B /* SearchHistoryCell.xib */; };
		91B0647F28B20DF800ED4E3B /* EmptyCell.swift in Sources */ = {isa = PBXBuildFile; fileRef = 91B0647928B20DF800ED4E3B /* EmptyCell.swift */; };
		91B0648028B20DF800ED4E3B /* EmptyCell.xib in Resources */ = {isa = PBXBuildFile; fileRef = 91B0647A28B20DF800ED4E3B /* EmptyCell.xib */; };
		91B0648128B20DF800ED4E3B /* SkeletonCell.swift in Sources */ = {isa = PBXBuildFile; fileRef = 91B0647B28B20DF800ED4E3B /* SkeletonCell.swift */; };
		91B0648228B20DF800ED4E3B /* SearchHistoryCell.swift in Sources */ = {isa = PBXBuildFile; fileRef = 91B0647C28B20DF800ED4E3B /* SearchHistoryCell.swift */; };
		91B0648328B20DF800ED4E3B /* SkeletonCell.xib in Resources */ = {isa = PBXBuildFile; fileRef = 91B0647D28B20DF800ED4E3B /* SkeletonCell.xib */; };
		91B0648528B20EBA00ED4E3B /* CompositionalLayout.swift in Sources */ = {isa = PBXBuildFile; fileRef = 91B0648428B20EBA00ED4E3B /* CompositionalLayout.swift */; };
		91B0648928B20FA800ED4E3B /* CharacterCell.swift in Sources */ = {isa = PBXBuildFile; fileRef = 91B0648728B20FA800ED4E3B /* CharacterCell.swift */; };
		91B0648A28B20FA800ED4E3B /* CharacterCell.xib in Resources */ = {isa = PBXBuildFile; fileRef = 91B0648828B20FA800ED4E3B /* CharacterCell.xib */; };
		91B0648D28B210C600ED4E3B /* SDWebImage in Frameworks */ = {isa = PBXBuildFile; productRef = 91B0648C28B210C600ED4E3B /* SDWebImage */; };
		91B0649028B22B9600ED4E3B /* CharacterDetailVC.swift in Sources */ = {isa = PBXBuildFile; fileRef = 91B0648F28B22B9600ED4E3B /* CharacterDetailVC.swift */; };
		91B0649228B22DCD00ED4E3B /* Storyboard+Ext.swift in Sources */ = {isa = PBXBuildFile; fileRef = 91B0649128B22DCD00ED4E3B /* Storyboard+Ext.swift */; };
		91BD62FA28B0B20A009A4190 /* AppDelegate.swift in Sources */ = {isa = PBXBuildFile; fileRef = 91BD62F928B0B20A009A4190 /* AppDelegate.swift */; };
		91BD62FC28B0B20A009A4190 /* SceneDelegate.swift in Sources */ = {isa = PBXBuildFile; fileRef = 91BD62FB28B0B20A009A4190 /* SceneDelegate.swift */; };
		91BD62FE28B0B20A009A4190 /* ViewController.swift in Sources */ = {isa = PBXBuildFile; fileRef = 91BD62FD28B0B20A009A4190 /* ViewController.swift */; };
		91BD630128B0B20A009A4190 /* Main.storyboard in Resources */ = {isa = PBXBuildFile; fileRef = 91BD62FF28B0B20A009A4190 /* Main.storyboard */; };
		91BD630328B0B20B009A4190 /* Assets.xcassets in Resources */ = {isa = PBXBuildFile; fileRef = 91BD630228B0B20B009A4190 /* Assets.xcassets */; };
		91BD630628B0B20B009A4190 /* LaunchScreen.storyboard in Resources */ = {isa = PBXBuildFile; fileRef = 91BD630428B0B20B009A4190 /* LaunchScreen.storyboard */; };
		91BD631128B0B20B009A4190 /* MCUTests.swift in Sources */ = {isa = PBXBuildFile; fileRef = 91BD631028B0B20B009A4190 /* MCUTests.swift */; };
		91BD631B28B0B20B009A4190 /* MCUUITests.swift in Sources */ = {isa = PBXBuildFile; fileRef = 91BD631A28B0B20B009A4190 /* MCUUITests.swift */; };
		91BD631D28B0B20B009A4190 /* MCUUITestsLaunchTests.swift in Sources */ = {isa = PBXBuildFile; fileRef = 91BD631C28B0B20B009A4190 /* MCUUITestsLaunchTests.swift */; };
		91BD633128B0CED1009A4190 /* NetworkClass.swift in Sources */ = {isa = PBXBuildFile; fileRef = 91BD633028B0CED1009A4190 /* NetworkClass.swift */; };
		91BD633328B0D5A4009A4190 /* TargetType.swift in Sources */ = {isa = PBXBuildFile; fileRef = 91BD633228B0D5A4009A4190 /* TargetType.swift */; };
		91BD633528B0D5D4009A4190 /* HTTPMethod.swift in Sources */ = {isa = PBXBuildFile; fileRef = 91BD633428B0D5D4009A4190 /* HTTPMethod.swift */; };
		91BD633728B0D6FD009A4190 /* MCUConstants.swift in Sources */ = {isa = PBXBuildFile; fileRef = 91BD633628B0D6FD009A4190 /* MCUConstants.swift */; };
		91BD633A28B0E17B009A4190 /* Dictionary+Ext.swift in Sources */ = {isa = PBXBuildFile; fileRef = 91BD633928B0E17B009A4190 /* Dictionary+Ext.swift */; };
		91BD633C28B11449009A4190 /* ModelCharacter.swift in Sources */ = {isa = PBXBuildFile; fileRef = 91BD633B28B11449009A4190 /* ModelCharacter.swift */; };
		91BD633F28B11499009A4190 /* ModelComic.swift in Sources */ = {isa = PBXBuildFile; fileRef = 91BD633E28B11499009A4190 /* ModelComic.swift */; };
		91BD634228B116E9009A4190 /* ViewModelMCU.swift in Sources */ = {isa = PBXBuildFile; fileRef = 91BD634128B116E9009A4190 /* ViewModelMCU.swift */; };
		91BD634528B11963009A4190 /* CharacterWS.swift in Sources */ = {isa = PBXBuildFile; fileRef = 91BD634428B11963009A4190 /* CharacterWS.swift */; };
		91BD634728B1233F009A4190 /* ComicWS.swift in Sources */ = {isa = PBXBuildFile; fileRef = 91BD634628B1233F009A4190 /* ComicWS.swift */; };
		91BD634A28B15425009A4190 /* MCUCacheManager.swift in Sources */ = {isa = PBXBuildFile; fileRef = 91BD634928B15425009A4190 /* MCUCacheManager.swift */; };
		91BD634C28B158A6009A4190 /* MCUFetchManager.swift in Sources */ = {isa = PBXBuildFile; fileRef = 91BD634B28B158A6009A4190 /* MCUFetchManager.swift */; };
		91BD634E28B15ABD009A4190 /* StorageService.swift in Sources */ = {isa = PBXBuildFile; fileRef = 91BD634D28B15ABD009A4190 /* StorageService.swift */; };
		91BD635128B1683B009A4190 /* UDSettings.swift in Sources */ = {isa = PBXBuildFile; fileRef = 91BD635028B1683B009A4190 /* UDSettings.swift */; };
		91BD635328B16926009A4190 /* UserDefault+Ext.swift in Sources */ = {isa = PBXBuildFile; fileRef = 91BD635228B16926009A4190 /* UserDefault+Ext.swift */; };
/* End PBXBuildFile section */

/* Begin PBXContainerItemProxy section */
		91BD630D28B0B20B009A4190 /* PBXContainerItemProxy */ = {
			isa = PBXContainerItemProxy;
			containerPortal = 91BD62EE28B0B20A009A4190 /* Project object */;
			proxyType = 1;
			remoteGlobalIDString = 91BD62F528B0B20A009A4190;
			remoteInfo = MCU;
		};
		91BD631728B0B20B009A4190 /* PBXContainerItemProxy */ = {
			isa = PBXContainerItemProxy;
			containerPortal = 91BD62EE28B0B20A009A4190 /* Project object */;
			proxyType = 1;
			remoteGlobalIDString = 91BD62F528B0B20A009A4190;
			remoteInfo = MCU;
		};
/* End PBXContainerItemProxy section */

/* Begin PBXFileReference section */
		91B0646C28B20B3A00ED4E3B /* CharacterListVC.swift */ = {isa = PBXFileReference; lastKnownFileType = sourcecode.swift; path = CharacterListVC.swift; sourceTree = "<group>"; };
		91B0647828B20DF800ED4E3B /* SearchHistoryCell.xib */ = {isa = PBXFileReference; fileEncoding = 4; lastKnownFileType = file.xib; path = SearchHistoryCell.xib; sourceTree = "<group>"; };
		91B0647928B20DF800ED4E3B /* EmptyCell.swift */ = {isa = PBXFileReference; fileEncoding = 4; lastKnownFileType = sourcecode.swift; path = EmptyCell.swift; sourceTree = "<group>"; };
		91B0647A28B20DF800ED4E3B /* EmptyCell.xib */ = {isa = PBXFileReference; fileEncoding = 4; lastKnownFileType = file.xib; path = EmptyCell.xib; sourceTree = "<group>"; };
		91B0647B28B20DF800ED4E3B /* SkeletonCell.swift */ = {isa = PBXFileReference; fileEncoding = 4; lastKnownFileType = sourcecode.swift; path = SkeletonCell.swift; sourceTree = "<group>"; };
		91B0647C28B20DF800ED4E3B /* SearchHistoryCell.swift */ = {isa = PBXFileReference; fileEncoding = 4; lastKnownFileType = sourcecode.swift; path = SearchHistoryCell.swift; sourceTree = "<group>"; };
		91B0647D28B20DF800ED4E3B /* SkeletonCell.xib */ = {isa = PBXFileReference; fileEncoding = 4; lastKnownFileType = file.xib; path = SkeletonCell.xib; sourceTree = "<group>"; };
		91B0648428B20EBA00ED4E3B /* CompositionalLayout.swift */ = {isa = PBXFileReference; fileEncoding = 4; lastKnownFileType = sourcecode.swift; path = CompositionalLayout.swift; sourceTree = "<group>"; };
		91B0648728B20FA800ED4E3B /* CharacterCell.swift */ = {isa = PBXFileReference; fileEncoding = 4; lastKnownFileType = sourcecode.swift; path = CharacterCell.swift; sourceTree = "<group>"; };
		91B0648828B20FA800ED4E3B /* CharacterCell.xib */ = {isa = PBXFileReference; fileEncoding = 4; lastKnownFileType = file.xib; path = CharacterCell.xib; sourceTree = "<group>"; };
		91B0648F28B22B9600ED4E3B /* CharacterDetailVC.swift */ = {isa = PBXFileReference; lastKnownFileType = sourcecode.swift; path = CharacterDetailVC.swift; sourceTree = "<group>"; };
		91B0649128B22DCD00ED4E3B /* Storyboard+Ext.swift */ = {isa = PBXFileReference; lastKnownFileType = sourcecode.swift; path = "Storyboard+Ext.swift"; sourceTree = "<group>"; };
		91BD62F628B0B20A009A4190 /* MCU.app */ = {isa = PBXFileReference; explicitFileType = wrapper.application; includeInIndex = 0; path = MCU.app; sourceTree = BUILT_PRODUCTS_DIR; };
		91BD62F928B0B20A009A4190 /* AppDelegate.swift */ = {isa = PBXFileReference; lastKnownFileType = sourcecode.swift; path = AppDelegate.swift; sourceTree = "<group>"; };
		91BD62FB28B0B20A009A4190 /* SceneDelegate.swift */ = {isa = PBXFileReference; lastKnownFileType = sourcecode.swift; path = SceneDelegate.swift; sourceTree = "<group>"; };
		91BD62FD28B0B20A009A4190 /* ViewController.swift */ = {isa = PBXFileReference; lastKnownFileType = sourcecode.swift; path = ViewController.swift; sourceTree = "<group>"; };
		91BD630028B0B20A009A4190 /* Base */ = {isa = PBXFileReference; lastKnownFileType = file.storyboard; name = Base; path = Base.lproj/Main.storyboard; sourceTree = "<group>"; };
		91BD630228B0B20B009A4190 /* Assets.xcassets */ = {isa = PBXFileReference; lastKnownFileType = folder.assetcatalog; path = Assets.xcassets; sourceTree = "<group>"; };
		91BD630528B0B20B009A4190 /* Base */ = {isa = PBXFileReference; lastKnownFileType = file.storyboard; name = Base; path = Base.lproj/LaunchScreen.storyboard; sourceTree = "<group>"; };
		91BD630728B0B20B009A4190 /* Info.plist */ = {isa = PBXFileReference; lastKnownFileType = text.plist.xml; path = Info.plist; sourceTree = "<group>"; };
		91BD630C28B0B20B009A4190 /* MCUTests.xctest */ = {isa = PBXFileReference; explicitFileType = wrapper.cfbundle; includeInIndex = 0; path = MCUTests.xctest; sourceTree = BUILT_PRODUCTS_DIR; };
		91BD631028B0B20B009A4190 /* MCUTests.swift */ = {isa = PBXFileReference; lastKnownFileType = sourcecode.swift; path = MCUTests.swift; sourceTree = "<group>"; };
		91BD631628B0B20B009A4190 /* MCUUITests.xctest */ = {isa = PBXFileReference; explicitFileType = wrapper.cfbundle; includeInIndex = 0; path = MCUUITests.xctest; sourceTree = BUILT_PRODUCTS_DIR; };
		91BD631A28B0B20B009A4190 /* MCUUITests.swift */ = {isa = PBXFileReference; lastKnownFileType = sourcecode.swift; path = MCUUITests.swift; sourceTree = "<group>"; };
		91BD631C28B0B20B009A4190 /* MCUUITestsLaunchTests.swift */ = {isa = PBXFileReference; lastKnownFileType = sourcecode.swift; path = MCUUITestsLaunchTests.swift; sourceTree = "<group>"; };
		91BD633028B0CED1009A4190 /* NetworkClass.swift */ = {isa = PBXFileReference; lastKnownFileType = sourcecode.swift; path = NetworkClass.swift; sourceTree = "<group>"; };
		91BD633228B0D5A4009A4190 /* TargetType.swift */ = {isa = PBXFileReference; lastKnownFileType = sourcecode.swift; path = TargetType.swift; sourceTree = "<group>"; };
		91BD633428B0D5D4009A4190 /* HTTPMethod.swift */ = {isa = PBXFileReference; lastKnownFileType = sourcecode.swift; path = HTTPMethod.swift; sourceTree = "<group>"; };
		91BD633628B0D6FD009A4190 /* MCUConstants.swift */ = {isa = PBXFileReference; lastKnownFileType = sourcecode.swift; path = MCUConstants.swift; sourceTree = "<group>"; };
		91BD633928B0E17B009A4190 /* Dictionary+Ext.swift */ = {isa = PBXFileReference; lastKnownFileType = sourcecode.swift; path = "Dictionary+Ext.swift"; sourceTree = "<group>"; };
		91BD633B28B11449009A4190 /* ModelCharacter.swift */ = {isa = PBXFileReference; lastKnownFileType = sourcecode.swift; path = ModelCharacter.swift; sourceTree = "<group>"; };
		91BD633E28B11499009A4190 /* ModelComic.swift */ = {isa = PBXFileReference; lastKnownFileType = sourcecode.swift; path = ModelComic.swift; sourceTree = "<group>"; };
		91BD634128B116E9009A4190 /* ViewModelMCU.swift */ = {isa = PBXFileReference; lastKnownFileType = sourcecode.swift; path = ViewModelMCU.swift; sourceTree = "<group>"; };
		91BD634428B11963009A4190 /* CharacterWS.swift */ = {isa = PBXFileReference; lastKnownFileType = sourcecode.swift; path = CharacterWS.swift; sourceTree = "<group>"; };
		91BD634628B1233F009A4190 /* ComicWS.swift */ = {isa = PBXFileReference; lastKnownFileType = sourcecode.swift; path = ComicWS.swift; sourceTree = "<group>"; };
		91BD634928B15425009A4190 /* MCUCacheManager.swift */ = {isa = PBXFileReference; lastKnownFileType = sourcecode.swift; path = MCUCacheManager.swift; sourceTree = "<group>"; };
		91BD634B28B158A6009A4190 /* MCUFetchManager.swift */ = {isa = PBXFileReference; lastKnownFileType = sourcecode.swift; path = MCUFetchManager.swift; sourceTree = "<group>"; };
		91BD634D28B15ABD009A4190 /* StorageService.swift */ = {isa = PBXFileReference; lastKnownFileType = sourcecode.swift; path = StorageService.swift; sourceTree = "<group>"; };
		91BD635028B1683B009A4190 /* UDSettings.swift */ = {isa = PBXFileReference; lastKnownFileType = sourcecode.swift; path = UDSettings.swift; sourceTree = "<group>"; };
		91BD635228B16926009A4190 /* UserDefault+Ext.swift */ = {isa = PBXFileReference; lastKnownFileType = sourcecode.swift; path = "UserDefault+Ext.swift"; sourceTree = "<group>"; };
/* End PBXFileReference section */

/* Begin PBXFrameworksBuildPhase section */
		91BD62F328B0B20A009A4190 /* Frameworks */ = {
			isa = PBXFrameworksBuildPhase;
			buildActionMask = 2147483647;
			files = (
				91B0648D28B210C600ED4E3B /* SDWebImage in Frameworks */,
			);
			runOnlyForDeploymentPostprocessing = 0;
		};
		91BD630928B0B20B009A4190 /* Frameworks */ = {
			isa = PBXFrameworksBuildPhase;
			buildActionMask = 2147483647;
			files = (
			);
			runOnlyForDeploymentPostprocessing = 0;
		};
		91BD631328B0B20B009A4190 /* Frameworks */ = {
			isa = PBXFrameworksBuildPhase;
			buildActionMask = 2147483647;
			files = (
			);
			runOnlyForDeploymentPostprocessing = 0;
		};
/* End PBXFrameworksBuildPhase section */

/* Begin PBXGroup section */
		91B0646928B20ADE00ED4E3B /* Screens */ = {
			isa = PBXGroup;
			children = (
				91B0648E28B22B7200ED4E3B /* CharacterDetailVC */,
				91B0648628B20F5A00ED4E3B /* CharacterListVC */,
			);
			path = Screens;
			sourceTree = "<group>";
		};
		91B0646F28B20CC800ED4E3B /* NetworkLayer */ = {
			isa = PBXGroup;
			children = (
				91BD633028B0CED1009A4190 /* NetworkClass.swift */,
				91BD633228B0D5A4009A4190 /* TargetType.swift */,
				91BD633428B0D5D4009A4190 /* HTTPMethod.swift */,
			);
			path = NetworkLayer;
			sourceTree = "<group>";
		};
		91B0647028B20CEA00ED4E3B /* Views */ = {
			isa = PBXGroup;
			children = (
				91B0647728B20DF800ED4E3B /* ReusableCells */,
			);
			path = Views;
			sourceTree = "<group>";
		};
		91B0647128B20D0200ED4E3B /* Features */ = {
			isa = PBXGroup;
			children = (
				91B0647228B20D1900ED4E3B /* CharactesrHome */,
			);
			path = Features;
			sourceTree = "<group>";
		};
		91B0647228B20D1900ED4E3B /* CharactesrHome */ = {
			isa = PBXGroup;
			children = (
				91B0646928B20ADE00ED4E3B /* Screens */,
				91BD634028B1151C009A4190 /* ViewModels */,
				91BD634328B11935009A4190 /* ServiceLayer */,
				91BD62FD28B0B20A009A4190 /* ViewController.swift */,
				91BD633D28B1146B009A4190 /* Models */,
			);
			path = CharactesrHome;
			sourceTree = "<group>";
		};
		91B0647428B20D4E00ED4E3B /* Helpers */ = {
			isa = PBXGroup;
			children = (
				91BD633928B0E17B009A4190 /* Dictionary+Ext.swift */,
				91BD635228B16926009A4190 /* UserDefault+Ext.swift */,
				91B0649128B22DCD00ED4E3B /* Storyboard+Ext.swift */,
			);
			path = Helpers;
			sourceTree = "<group>";
		};
		91B0647528B20D6D00ED4E3B /* Utility */ = {
			isa = PBXGroup;
			children = (
				91B0648428B20EBA00ED4E3B /* CompositionalLayout.swift */,
				91BD633628B0D6FD009A4190 /* MCUConstants.swift */,
				91B0647628B20D7D00ED4E3B /* SharedPreference */,
				91B0647428B20D4E00ED4E3B /* Helpers */,
			);
			path = Utility;
			sourceTree = "<group>";
		};
		91B0647628B20D7D00ED4E3B /* SharedPreference */ = {
			isa = PBXGroup;
			children = (
				91BD635028B1683B009A4190 /* UDSettings.swift */,
			);
			path = SharedPreference;
			sourceTree = "<group>";
		};
		91B0647728B20DF800ED4E3B /* ReusableCells */ = {
			isa = PBXGroup;
			children = (
				91B0647828B20DF800ED4E3B /* SearchHistoryCell.xib */,
				91B0647C28B20DF800ED4E3B /* SearchHistoryCell.swift */,
				91B0647928B20DF800ED4E3B /* EmptyCell.swift */,
				91B0647A28B20DF800ED4E3B /* EmptyCell.xib */,
				91B0647B28B20DF800ED4E3B /* SkeletonCell.swift */,
				91B0647D28B20DF800ED4E3B /* SkeletonCell.xib */,
			);
			path = ReusableCells;
			sourceTree = "<group>";
		};
		91B0648628B20F5A00ED4E3B /* CharacterListVC */ = {
			isa = PBXGroup;
			children = (
				91B0648728B20FA800ED4E3B /* CharacterCell.swift */,
				91B0648828B20FA800ED4E3B /* CharacterCell.xib */,
				91B0646C28B20B3A00ED4E3B /* CharacterListVC.swift */,
			);
			path = CharacterListVC;
			sourceTree = "<group>";
		};
		91B0648E28B22B7200ED4E3B /* CharacterDetailVC */ = {
			isa = PBXGroup;
			children = (
				91B0648F28B22B9600ED4E3B /* CharacterDetailVC.swift */,
			);
			path = CharacterDetailVC;
			sourceTree = "<group>";
		};
		91BD62ED28B0B20A009A4190 = {
			isa = PBXGroup;
			children = (
				91BD62F828B0B20A009A4190 /* MCU */,
				91BD630F28B0B20B009A4190 /* MCUTests */,
				91BD631928B0B20B009A4190 /* MCUUITests */,
				91BD62F728B0B20A009A4190 /* Products */,
			);
			sourceTree = "<group>";
		};
		91BD62F728B0B20A009A4190 /* Products */ = {
			isa = PBXGroup;
			children = (
				91BD62F628B0B20A009A4190 /* MCU.app */,
				91BD630C28B0B20B009A4190 /* MCUTests.xctest */,
				91BD631628B0B20B009A4190 /* MCUUITests.xctest */,
			);
			name = Products;
			sourceTree = "<group>";
		};
		91BD62F828B0B20A009A4190 /* MCU */ = {
			isa = PBXGroup;
			children = (
				91B0647128B20D0200ED4E3B /* Features */,
				91B0647028B20CEA00ED4E3B /* Views */,
				91B0646F28B20CC800ED4E3B /* NetworkLayer */,
				91BD634828B153D6009A4190 /* StorageLayer */,
				91BD632B28B0BE95009A4190 /* Storyboards */,
				91B0647528B20D6D00ED4E3B /* Utility */,
				91BD632928B0BE32009A4190 /* Misc */,
			);
			path = MCU;
			sourceTree = "<group>";
		};
		91BD630F28B0B20B009A4190 /* MCUTests */ = {
			isa = PBXGroup;
			children = (
				91BD631028B0B20B009A4190 /* MCUTests.swift */,
			);
			path = MCUTests;
			sourceTree = "<group>";
		};
		91BD631928B0B20B009A4190 /* MCUUITests */ = {
			isa = PBXGroup;
			children = (
				91BD631A28B0B20B009A4190 /* MCUUITests.swift */,
				91BD631C28B0B20B009A4190 /* MCUUITestsLaunchTests.swift */,
			);
			path = MCUUITests;
			sourceTree = "<group>";
		};
		91BD632928B0BE32009A4190 /* Misc */ = {
			isa = PBXGroup;
			children = (
				91BD630728B0B20B009A4190 /* Info.plist */,
				91BD62F928B0B20A009A4190 /* AppDelegate.swift */,
				91BD62FB28B0B20A009A4190 /* SceneDelegate.swift */,
				91BD630228B0B20B009A4190 /* Assets.xcassets */,
				91BD630428B0B20B009A4190 /* LaunchScreen.storyboard */,
			);
			name = Misc;
			sourceTree = "<group>";
		};
		91BD632B28B0BE95009A4190 /* Storyboards */ = {
			isa = PBXGroup;
			children = (
				91BD62FF28B0B20A009A4190 /* Main.storyboard */,
			);
			name = Storyboards;
			sourceTree = "<group>";
		};
		91BD633D28B1146B009A4190 /* Models */ = {
			isa = PBXGroup;
			children = (
				91BD633B28B11449009A4190 /* ModelCharacter.swift */,
				91BD633E28B11499009A4190 /* ModelComic.swift */,
			);
			path = Models;
			sourceTree = "<group>";
		};
		91BD634028B1151C009A4190 /* ViewModels */ = {
			isa = PBXGroup;
			children = (
				91BD634128B116E9009A4190 /* ViewModelMCU.swift */,
			);
			path = ViewModels;
			sourceTree = "<group>";
		};
		91BD634328B11935009A4190 /* ServiceLayer */ = {
			isa = PBXGroup;
			children = (
				91BD634428B11963009A4190 /* CharacterWS.swift */,
				91BD634628B1233F009A4190 /* ComicWS.swift */,
			);
			path = ServiceLayer;
			sourceTree = "<group>";
		};
		91BD634828B153D6009A4190 /* StorageLayer */ = {
			isa = PBXGroup;
			children = (
				91BD634928B15425009A4190 /* MCUCacheManager.swift */,
				91BD634B28B158A6009A4190 /* MCUFetchManager.swift */,
				91BD634D28B15ABD009A4190 /* StorageService.swift */,
			);
			path = StorageLayer;
			sourceTree = "<group>";
		};
/* End PBXGroup section */

/* Begin PBXNativeTarget section */
		91BD62F528B0B20A009A4190 /* MCU */ = {
			isa = PBXNativeTarget;
			buildConfigurationList = 91BD632028B0B20B009A4190 /* Build configuration list for PBXNativeTarget "MCU" */;
			buildPhases = (
				91BD62F228B0B20A009A4190 /* Sources */,
				91BD62F328B0B20A009A4190 /* Frameworks */,
				91BD62F428B0B20A009A4190 /* Resources */,
			);
			buildRules = (
			);
			dependencies = (
			);
			name = MCU;
			packageProductDependencies = (
				91B0648C28B210C600ED4E3B /* SDWebImage */,
			);
			productName = MCU;
			productReference = 91BD62F628B0B20A009A4190 /* MCU.app */;
			productType = "com.apple.product-type.application";
		};
		91BD630B28B0B20B009A4190 /* MCUTests */ = {
			isa = PBXNativeTarget;
			buildConfigurationList = 91BD632328B0B20B009A4190 /* Build configuration list for PBXNativeTarget "MCUTests" */;
			buildPhases = (
				91BD630828B0B20B009A4190 /* Sources */,
				91BD630928B0B20B009A4190 /* Frameworks */,
				91BD630A28B0B20B009A4190 /* Resources */,
			);
			buildRules = (
			);
			dependencies = (
				91BD630E28B0B20B009A4190 /* PBXTargetDependency */,
			);
			name = MCUTests;
			productName = MCUTests;
			productReference = 91BD630C28B0B20B009A4190 /* MCUTests.xctest */;
			productType = "com.apple.product-type.bundle.unit-test";
		};
		91BD631528B0B20B009A4190 /* MCUUITests */ = {
			isa = PBXNativeTarget;
			buildConfigurationList = 91BD632628B0B20B009A4190 /* Build configuration list for PBXNativeTarget "MCUUITests" */;
			buildPhases = (
				91BD631228B0B20B009A4190 /* Sources */,
				91BD631328B0B20B009A4190 /* Frameworks */,
				91BD631428B0B20B009A4190 /* Resources */,
			);
			buildRules = (
			);
			dependencies = (
				91BD631828B0B20B009A4190 /* PBXTargetDependency */,
			);
			name = MCUUITests;
			productName = MCUUITests;
			productReference = 91BD631628B0B20B009A4190 /* MCUUITests.xctest */;
			productType = "com.apple.product-type.bundle.ui-testing";
		};
/* End PBXNativeTarget section */

/* Begin PBXProject section */
		91BD62EE28B0B20A009A4190 /* Project object */ = {
			isa = PBXProject;
			attributes = {
				BuildIndependentTargetsInParallel = 1;
				LastSwiftUpdateCheck = 1340;
				LastUpgradeCheck = 1340;
				TargetAttributes = {
					91BD62F528B0B20A009A4190 = {
						CreatedOnToolsVersion = 13.4.1;
					};
					91BD630B28B0B20B009A4190 = {
						CreatedOnToolsVersion = 13.4.1;
						TestTargetID = 91BD62F528B0B20A009A4190;
					};
					91BD631528B0B20B009A4190 = {
						CreatedOnToolsVersion = 13.4.1;
						TestTargetID = 91BD62F528B0B20A009A4190;
					};
				};
			};
			buildConfigurationList = 91BD62F128B0B20A009A4190 /* Build configuration list for PBXProject "MCU" */;
			compatibilityVersion = "Xcode 13.0";
			developmentRegion = en;
			hasScannedForEncodings = 0;
			knownRegions = (
				en,
				Base,
			);
			mainGroup = 91BD62ED28B0B20A009A4190;
			packageReferences = (
				91B0648B28B210C600ED4E3B /* XCRemoteSwiftPackageReference "SDWebImage" */,
			);
			productRefGroup = 91BD62F728B0B20A009A4190 /* Products */;
			projectDirPath = "";
			projectRoot = "";
			targets = (
				91BD62F528B0B20A009A4190 /* MCU */,
				91BD630B28B0B20B009A4190 /* MCUTests */,
				91BD631528B0B20B009A4190 /* MCUUITests */,
			);
		};
/* End PBXProject section */

/* Begin PBXResourcesBuildPhase section */
		91BD62F428B0B20A009A4190 /* Resources */ = {
			isa = PBXResourcesBuildPhase;
			buildActionMask = 2147483647;
			files = (
				91B0648A28B20FA800ED4E3B /* CharacterCell.xib in Resources */,
				91BD630628B0B20B009A4190 /* LaunchScreen.storyboard in Resources */,
				91B0648028B20DF800ED4E3B /* EmptyCell.xib in Resources */,
				91BD630328B0B20B009A4190 /* Assets.xcassets in Resources */,
				91B0647E28B20DF800ED4E3B /* SearchHistoryCell.xib in Resources */,
				91B0648328B20DF800ED4E3B /* SkeletonCell.xib in Resources */,
				91BD630128B0B20A009A4190 /* Main.storyboard in Resources */,
			);
			runOnlyForDeploymentPostprocessing = 0;
		};
		91BD630A28B0B20B009A4190 /* Resources */ = {
			isa = PBXResourcesBuildPhase;
			buildActionMask = 2147483647;
			files = (
			);
			runOnlyForDeploymentPostprocessing = 0;
		};
		91BD631428B0B20B009A4190 /* Resources */ = {
			isa = PBXResourcesBuildPhase;
			buildActionMask = 2147483647;
			files = (
			);
			runOnlyForDeploymentPostprocessing = 0;
		};
/* End PBXResourcesBuildPhase section */

/* Begin PBXSourcesBuildPhase section */
		91BD62F228B0B20A009A4190 /* Sources */ = {
			isa = PBXSourcesBuildPhase;
			buildActionMask = 2147483647;
			files = (
				91BD633C28B11449009A4190 /* ModelCharacter.swift in Sources */,
				91B0648128B20DF800ED4E3B /* SkeletonCell.swift in Sources */,
				91BD633328B0D5A4009A4190 /* TargetType.swift in Sources */,
				91B0648928B20FA800ED4E3B /* CharacterCell.swift in Sources */,
				91BD633A28B0E17B009A4190 /* Dictionary+Ext.swift in Sources */,
				91BD635128B1683B009A4190 /* UDSettings.swift in Sources */,
				91B0649028B22B9600ED4E3B /* CharacterDetailVC.swift in Sources */,
				91BD634728B1233F009A4190 /* ComicWS.swift in Sources */,
				91B0649228B22DCD00ED4E3B /* Storyboard+Ext.swift in Sources */,
				91BD633728B0D6FD009A4190 /* MCUConstants.swift in Sources */,
				91B0646D28B20B3A00ED4E3B /* CharacterListVC.swift in Sources */,
				91BD634C28B158A6009A4190 /* MCUFetchManager.swift in Sources */,
				91BD634A28B15425009A4190 /* MCUCacheManager.swift in Sources */,
				91B0647F28B20DF800ED4E3B /* EmptyCell.swift in Sources */,
				91BD634228B116E9009A4190 /* ViewModelMCU.swift in Sources */,
				91BD62FE28B0B20A009A4190 /* ViewController.swift in Sources */,
				91BD633F28B11499009A4190 /* ModelComic.swift in Sources */,
				91BD634528B11963009A4190 /* CharacterWS.swift in Sources */,
				91BD635328B16926009A4190 /* UserDefault+Ext.swift in Sources */,
				91BD633528B0D5D4009A4190 /* HTTPMethod.swift in Sources */,
				91BD633128B0CED1009A4190 /* NetworkClass.swift in Sources */,
				91BD62FA28B0B20A009A4190 /* AppDelegate.swift in Sources */,
				91B0648528B20EBA00ED4E3B /* CompositionalLayout.swift in Sources */,
				91BD62FC28B0B20A009A4190 /* SceneDelegate.swift in Sources */,
				91B0648228B20DF800ED4E3B /* SearchHistoryCell.swift in Sources */,
				91BD634E28B15ABD009A4190 /* StorageService.swift in Sources */,
			);
			runOnlyForDeploymentPostprocessing = 0;
		};
		91BD630828B0B20B009A4190 /* Sources */ = {
			isa = PBXSourcesBuildPhase;
			buildActionMask = 2147483647;
			files = (
				91BD631128B0B20B009A4190 /* MCUTests.swift in Sources */,
			);
			runOnlyForDeploymentPostprocessing = 0;
		};
		91BD631228B0B20B009A4190 /* Sources */ = {
			isa = PBXSourcesBuildPhase;
			buildActionMask = 2147483647;
			files = (
				91BD631D28B0B20B009A4190 /* MCUUITestsLaunchTests.swift in Sources */,
				91BD631B28B0B20B009A4190 /* MCUUITests.swift in Sources */,
			);
			runOnlyForDeploymentPostprocessing = 0;
		};
/* End PBXSourcesBuildPhase section */

/* Begin PBXTargetDependency section */
		91BD630E28B0B20B009A4190 /* PBXTargetDependency */ = {
			isa = PBXTargetDependency;
			target = 91BD62F528B0B20A009A4190 /* MCU */;
			targetProxy = 91BD630D28B0B20B009A4190 /* PBXContainerItemProxy */;
		};
		91BD631828B0B20B009A4190 /* PBXTargetDependency */ = {
			isa = PBXTargetDependency;
			target = 91BD62F528B0B20A009A4190 /* MCU */;
			targetProxy = 91BD631728B0B20B009A4190 /* PBXContainerItemProxy */;
		};
/* End PBXTargetDependency section */

/* Begin PBXVariantGroup section */
		91BD62FF28B0B20A009A4190 /* Main.storyboard */ = {
			isa = PBXVariantGroup;
			children = (
				91BD630028B0B20A009A4190 /* Base */,
			);
			name = Main.storyboard;
			sourceTree = "<group>";
		};
		91BD630428B0B20B009A4190 /* LaunchScreen.storyboard */ = {
			isa = PBXVariantGroup;
			children = (
				91BD630528B0B20B009A4190 /* Base */,
			);
			name = LaunchScreen.storyboard;
			sourceTree = "<group>";
		};
/* End PBXVariantGroup section */

/* Begin XCBuildConfiguration section */
		91BD631E28B0B20B009A4190 /* Debug */ = {
			isa = XCBuildConfiguration;
			buildSettings = {
				ALWAYS_SEARCH_USER_PATHS = NO;
				CLANG_ANALYZER_NONNULL = YES;
				CLANG_ANALYZER_NUMBER_OBJECT_CONVERSION = YES_AGGRESSIVE;
				CLANG_CXX_LANGUAGE_STANDARD = "gnu++17";
				CLANG_ENABLE_MODULES = YES;
				CLANG_ENABLE_OBJC_ARC = YES;
				CLANG_ENABLE_OBJC_WEAK = YES;
				CLANG_WARN_BLOCK_CAPTURE_AUTORELEASING = YES;
				CLANG_WARN_BOOL_CONVERSION = YES;
				CLANG_WARN_COMMA = YES;
				CLANG_WARN_CONSTANT_CONVERSION = YES;
				CLANG_WARN_DEPRECATED_OBJC_IMPLEMENTATIONS = YES;
				CLANG_WARN_DIRECT_OBJC_ISA_USAGE = YES_ERROR;
				CLANG_WARN_DOCUMENTATION_COMMENTS = YES;
				CLANG_WARN_EMPTY_BODY = YES;
				CLANG_WARN_ENUM_CONVERSION = YES;
				CLANG_WARN_INFINITE_RECURSION = YES;
				CLANG_WARN_INT_CONVERSION = YES;
				CLANG_WARN_NON_LITERAL_NULL_CONVERSION = YES;
				CLANG_WARN_OBJC_IMPLICIT_RETAIN_SELF = YES;
				CLANG_WARN_OBJC_LITERAL_CONVERSION = YES;
				CLANG_WARN_OBJC_ROOT_CLASS = YES_ERROR;
				CLANG_WARN_QUOTED_INCLUDE_IN_FRAMEWORK_HEADER = YES;
				CLANG_WARN_RANGE_LOOP_ANALYSIS = YES;
				CLANG_WARN_STRICT_PROTOTYPES = YES;
				CLANG_WARN_SUSPICIOUS_MOVE = YES;
				CLANG_WARN_UNGUARDED_AVAILABILITY = YES_AGGRESSIVE;
				CLANG_WARN_UNREACHABLE_CODE = YES;
				CLANG_WARN__DUPLICATE_METHOD_MATCH = YES;
				COPY_PHASE_STRIP = NO;
				DEBUG_INFORMATION_FORMAT = dwarf;
				ENABLE_STRICT_OBJC_MSGSEND = YES;
				ENABLE_TESTABILITY = YES;
				GCC_C_LANGUAGE_STANDARD = gnu11;
				GCC_DYNAMIC_NO_PIC = NO;
				GCC_NO_COMMON_BLOCKS = YES;
				GCC_OPTIMIZATION_LEVEL = 0;
				GCC_PREPROCESSOR_DEFINITIONS = (
					"DEBUG=1",
					"$(inherited)",
				);
				GCC_WARN_64_TO_32_BIT_CONVERSION = YES;
				GCC_WARN_ABOUT_RETURN_TYPE = YES_ERROR;
				GCC_WARN_UNDECLARED_SELECTOR = YES;
				GCC_WARN_UNINITIALIZED_AUTOS = YES_AGGRESSIVE;
				GCC_WARN_UNUSED_FUNCTION = YES;
				GCC_WARN_UNUSED_VARIABLE = YES;
				IPHONEOS_DEPLOYMENT_TARGET = 15.5;
				MTL_ENABLE_DEBUG_INFO = INCLUDE_SOURCE;
				MTL_FAST_MATH = YES;
				ONLY_ACTIVE_ARCH = YES;
				SDKROOT = iphoneos;
				SWIFT_ACTIVE_COMPILATION_CONDITIONS = DEBUG;
				SWIFT_OPTIMIZATION_LEVEL = "-Onone";
			};
			name = Debug;
		};
		91BD631F28B0B20B009A4190 /* Release */ = {
			isa = XCBuildConfiguration;
			buildSettings = {
				ALWAYS_SEARCH_USER_PATHS = NO;
				CLANG_ANALYZER_NONNULL = YES;
				CLANG_ANALYZER_NUMBER_OBJECT_CONVERSION = YES_AGGRESSIVE;
				CLANG_CXX_LANGUAGE_STANDARD = "gnu++17";
				CLANG_ENABLE_MODULES = YES;
				CLANG_ENABLE_OBJC_ARC = YES;
				CLANG_ENABLE_OBJC_WEAK = YES;
				CLANG_WARN_BLOCK_CAPTURE_AUTORELEASING = YES;
				CLANG_WARN_BOOL_CONVERSION = YES;
				CLANG_WARN_COMMA = YES;
				CLANG_WARN_CONSTANT_CONVERSION = YES;
				CLANG_WARN_DEPRECATED_OBJC_IMPLEMENTATIONS = YES;
				CLANG_WARN_DIRECT_OBJC_ISA_USAGE = YES_ERROR;
				CLANG_WARN_DOCUMENTATION_COMMENTS = YES;
				CLANG_WARN_EMPTY_BODY = YES;
				CLANG_WARN_ENUM_CONVERSION = YES;
				CLANG_WARN_INFINITE_RECURSION = YES;
				CLANG_WARN_INT_CONVERSION = YES;
				CLANG_WARN_NON_LITERAL_NULL_CONVERSION = YES;
				CLANG_WARN_OBJC_IMPLICIT_RETAIN_SELF = YES;
				CLANG_WARN_OBJC_LITERAL_CONVERSION = YES;
				CLANG_WARN_OBJC_ROOT_CLASS = YES_ERROR;
				CLANG_WARN_QUOTED_INCLUDE_IN_FRAMEWORK_HEADER = YES;
				CLANG_WARN_RANGE_LOOP_ANALYSIS = YES;
				CLANG_WARN_STRICT_PROTOTYPES = YES;
				CLANG_WARN_SUSPICIOUS_MOVE = YES;
				CLANG_WARN_UNGUARDED_AVAILABILITY = YES_AGGRESSIVE;
				CLANG_WARN_UNREACHABLE_CODE = YES;
				CLANG_WARN__DUPLICATE_METHOD_MATCH = YES;
				COPY_PHASE_STRIP = NO;
				DEBUG_INFORMATION_FORMAT = "dwarf-with-dsym";
				ENABLE_NS_ASSERTIONS = NO;
				ENABLE_STRICT_OBJC_MSGSEND = YES;
				GCC_C_LANGUAGE_STANDARD = gnu11;
				GCC_NO_COMMON_BLOCKS = YES;
				GCC_WARN_64_TO_32_BIT_CONVERSION = YES;
				GCC_WARN_ABOUT_RETURN_TYPE = YES_ERROR;
				GCC_WARN_UNDECLARED_SELECTOR = YES;
				GCC_WARN_UNINITIALIZED_AUTOS = YES_AGGRESSIVE;
				GCC_WARN_UNUSED_FUNCTION = YES;
				GCC_WARN_UNUSED_VARIABLE = YES;
				IPHONEOS_DEPLOYMENT_TARGET = 15.5;
				MTL_ENABLE_DEBUG_INFO = NO;
				MTL_FAST_MATH = YES;
				SDKROOT = iphoneos;
				SWIFT_COMPILATION_MODE = wholemodule;
				SWIFT_OPTIMIZATION_LEVEL = "-O";
				VALIDATE_PRODUCT = YES;
			};
			name = Release;
		};
		91BD632128B0B20B009A4190 /* Debug */ = {
			isa = XCBuildConfiguration;
			buildSettings = {
				ASSETCATALOG_COMPILER_APPICON_NAME = AppIcon;
				ASSETCATALOG_COMPILER_GLOBAL_ACCENT_COLOR_NAME = AccentColor;
				CODE_SIGN_STYLE = Automatic;
				CURRENT_PROJECT_VERSION = 1;
				DEVELOPMENT_TEAM = 54QU2WU97C;
				GENERATE_INFOPLIST_FILE = YES;
				INFOPLIST_FILE = MCU/Info.plist;
				INFOPLIST_KEY_UIApplicationSupportsIndirectInputEvents = YES;
				INFOPLIST_KEY_UILaunchStoryboardName = LaunchScreen;
				INFOPLIST_KEY_UIMainStoryboardFile = Main;
				INFOPLIST_KEY_UISupportedInterfaceOrientations_iPad = "UIInterfaceOrientationPortrait UIInterfaceOrientationPortraitUpsideDown UIInterfaceOrientationLandscapeLeft UIInterfaceOrientationLandscapeRight";
				INFOPLIST_KEY_UISupportedInterfaceOrientations_iPhone = "UIInterfaceOrientationPortrait UIInterfaceOrientationLandscapeLeft UIInterfaceOrientationLandscapeRight";
				LD_RUNPATH_SEARCH_PATHS = (
					"$(inherited)",
					"@executable_path/Frameworks",
				);
				MARKETING_VERSION = 1.0;
				PRODUCT_BUNDLE_IDENTIFIER = com.app..MCU;
				PRODUCT_NAME = "$(TARGET_NAME)";
				SWIFT_EMIT_LOC_STRINGS = YES;
				SWIFT_VERSION = 5.0;
				TARGETED_DEVICE_FAMILY = "1,2";
			};
			name = Debug;
		};
		91BD632228B0B20B009A4190 /* Release */ = {
			isa = XCBuildConfiguration;
			buildSettings = {
				ASSETCATALOG_COMPILER_APPICON_NAME = AppIcon;
				ASSETCATALOG_COMPILER_GLOBAL_ACCENT_COLOR_NAME = AccentColor;
				CODE_SIGN_STYLE = Automatic;
				CURRENT_PROJECT_VERSION = 1;
				DEVELOPMENT_TEAM = 54QU2WU97C;
				GENERATE_INFOPLIST_FILE = YES;
				INFOPLIST_FILE = MCU/Info.plist;
				INFOPLIST_KEY_UIApplicationSupportsIndirectInputEvents = YES;
				INFOPLIST_KEY_UILaunchStoryboardName = LaunchScreen;
				INFOPLIST_KEY_UIMainStoryboardFile = Main;
				INFOPLIST_KEY_UISupportedInterfaceOrientations_iPad = "UIInterfaceOrientationPortrait UIInterfaceOrientationPortraitUpsideDown UIInterfaceOrientationLandscapeLeft UIInterfaceOrientationLandscapeRight";
				INFOPLIST_KEY_UISupportedInterfaceOrientations_iPhone = "UIInterfaceOrientationPortrait UIInterfaceOrientationLandscapeLeft UIInterfaceOrientationLandscapeRight";
				LD_RUNPATH_SEARCH_PATHS = (
					"$(inherited)",
					"@executable_path/Frameworks",
				);
				MARKETING_VERSION = 1.0;
				PRODUCT_BUNDLE_IDENTIFIER = com.app..MCU;
				PRODUCT_NAME = "$(TARGET_NAME)";
				SWIFT_EMIT_LOC_STRINGS = YES;
				SWIFT_VERSION = 5.0;
				TARGETED_DEVICE_FAMILY = "1,2";
			};
			name = Release;
		};
		91BD632428B0B20B009A4190 /* Debug */ = {
			isa = XCBuildConfiguration;
			buildSettings = {
				ALWAYS_EMBED_SWIFT_STANDARD_LIBRARIES = YES;
				BUNDLE_LOADER = "$(TEST_HOST)";
				CODE_SIGN_STYLE = Automatic;
				CURRENT_PROJECT_VERSION = 1;
				DEVELOPMENT_TEAM = 54QU2WU97C;
				GENERATE_INFOPLIST_FILE = YES;
				IPHONEOS_DEPLOYMENT_TARGET = 15.5;
				MARKETING_VERSION = 1.0;
				PRODUCT_BUNDLE_IDENTIFIER = com.app..MCUTests;
				PRODUCT_NAME = "$(TARGET_NAME)";
				SWIFT_EMIT_LOC_STRINGS = NO;
				SWIFT_VERSION = 5.0;
				TARGETED_DEVICE_FAMILY = "1,2";
				TEST_HOST = "$(BUILT_PRODUCTS_DIR)/MCU.app/MCU";
			};
			name = Debug;
		};
		91BD632528B0B20B009A4190 /* Release */ = {
			isa = XCBuildConfiguration;
			buildSettings = {
				ALWAYS_EMBED_SWIFT_STANDARD_LIBRARIES = YES;
				BUNDLE_LOADER = "$(TEST_HOST)";
				CODE_SIGN_STYLE = Automatic;
				CURRENT_PROJECT_VERSION = 1;
				DEVELOPMENT_TEAM = 54QU2WU97C;
				GENERATE_INFOPLIST_FILE = YES;
				IPHONEOS_DEPLOYMENT_TARGET = 15.5;
				MARKETING_VERSION = 1.0;
				PRODUCT_BUNDLE_IDENTIFIER = com.app..MCUTests;
				PRODUCT_NAME = "$(TARGET_NAME)";
				SWIFT_EMIT_LOC_STRINGS = NO;
				SWIFT_VERSION = 5.0;
				TARGETED_DEVICE_FAMILY = "1,2";
				TEST_HOST = "$(BUILT_PRODUCTS_DIR)/MCU.app/MCU";
			};
			name = Release;
		};
		91BD632728B0B20B009A4190 /* Debug */ = {
			isa = XCBuildConfiguration;
			buildSettings = {
				ALWAYS_EMBED_SWIFT_STANDARD_LIBRARIES = YES;
				CODE_SIGN_STYLE = Automatic;
				CURRENT_PROJECT_VERSION = 1;
				DEVELOPMENT_TEAM = 54QU2WU97C;
				GENERATE_INFOPLIST_FILE = YES;
				MARKETING_VERSION = 1.0;
				PRODUCT_BUNDLE_IDENTIFIER = com.app..MCUUITests;
				PRODUCT_NAME = "$(TARGET_NAME)";
				SWIFT_EMIT_LOC_STRINGS = NO;
				SWIFT_VERSION = 5.0;
				TARGETED_DEVICE_FAMILY = "1,2";
				TEST_TARGET_NAME = MCU;
			};
			name = Debug;
		};
		91BD632828B0B20B009A4190 /* Release */ = {
			isa = XCBuildConfiguration;
			buildSettings = {
				ALWAYS_EMBED_SWIFT_STANDARD_LIBRARIES = YES;
				CODE_SIGN_STYLE = Automatic;
				CURRENT_PROJECT_VERSION = 1;
				DEVELOPMENT_TEAM = 54QU2WU97C;
				GENERATE_INFOPLIST_FILE = YES;
				MARKETING_VERSION = 1.0;
				PRODUCT_BUNDLE_IDENTIFIER = com.app..MCUUITests;
				PRODUCT_NAME = "$(TARGET_NAME)";
				SWIFT_EMIT_LOC_STRINGS = NO;
				SWIFT_VERSION = 5.0;
				TARGETED_DEVICE_FAMILY = "1,2";
				TEST_TARGET_NAME = MCU;
			};
			name = Release;
		};
/* End XCBuildConfiguration section */

/* Begin XCConfigurationList section */
		91BD62F128B0B20A009A4190 /* Build configuration list for PBXProject "MCU" */ = {
			isa = XCConfigurationList;
			buildConfigurations = (
				91BD631E28B0B20B009A4190 /* Debug */,
				91BD631F28B0B20B009A4190 /* Release */,
			);
			defaultConfigurationIsVisible = 0;
			defaultConfigurationName = Release;
		};
		91BD632028B0B20B009A4190 /* Build configuration list for PBXNativeTarget "MCU" */ = {
			isa = XCConfigurationList;
			buildConfigurations = (
				91BD632128B0B20B009A4190 /* Debug */,
				91BD632228B0B20B009A4190 /* Release */,
			);
			defaultConfigurationIsVisible = 0;
			defaultConfigurationName = Release;
		};
		91BD632328B0B20B009A4190 /* Build configuration list for PBXNativeTarget "MCUTests" */ = {
			isa = XCConfigurationList;
			buildConfigurations = (
				91BD632428B0B20B009A4190 /* Debug */,
				91BD632528B0B20B009A4190 /* Release */,
			);
			defaultConfigurationIsVisible = 0;
			defaultConfigurationName = Release;
		};
		91BD632628B0B20B009A4190 /* Build configuration list for PBXNativeTarget "MCUUITests" */ = {
			isa = XCConfigurationList;
			buildConfigurations = (
				91BD632728B0B20B009A4190 /* Debug */,
				91BD632828B0B20B009A4190 /* Release */,
			);
			defaultConfigurationIsVisible = 0;
			defaultConfigurationName = Release;
		};
/* End XCConfigurationList section */

/* Begin XCRemoteSwiftPackageReference section */
		91B0648B28B210C600ED4E3B /* XCRemoteSwiftPackageReference "SDWebImage" */ = {
			isa = XCRemoteSwiftPackageReference;
			repositoryURL = "https://github.com/SDWebImage/SDWebImage.git";
			requirement = {
				branch = master;
				kind = branch;
			};
		};
/* End XCRemoteSwiftPackageReference section */

/* Begin XCSwiftPackageProductDependency section */
		91B0648C28B210C600ED4E3B /* SDWebImage */ = {
			isa = XCSwiftPackageProductDependency;
			package = 91B0648B28B210C600ED4E3B /* XCRemoteSwiftPackageReference "SDWebImage" */;
			productName = SDWebImage;
		};
/* End XCSwiftPackageProductDependency section */
	};
	rootObject = 91BD62EE28B0B20A009A4190 /* Project object */;
}
